Microsoft Visual Studio Solution File, Format Version 12.00
# Visual Studio Version 17
VisualStudioVersion = 17.5.2.0
MinimumVisualStudioVersion = 10.0.40219.1
Project("{2150E333-8FDC-42A3-9474-1A3956D46DE8}") = ".private", ".private", "{B5BEA4C2-3427-A7B2-9353-5CC941FC31CA}"
EndProject
Project("{2150E333-8FDC-42A3-9474-1A3956D46DE8}") = "src", "src", "{827E0CD3-B72D-47B6-A68D-7590B98EB39B}"
EndProject
Project("{2150E333-8FDC-42A3-9474-1A3956D46DE8}") = "tubes1-if2211-starter-pack", "tubes1-if2211-starter-pack", "{7C965FDA-ADE2-5C41-3E59-9CD569AE5479}"
EndProject
Project("{FAE04EC0-301F-11D3-BF4B-00C04F79EFBC}") = "TemplateBot", ".private\tubes1-if2211-starter-pack\TemplateBot\TemplateBot.csproj", "{61DB8879-4BFA-3CA9-179F-CA46242B1D40}"
EndProject
Project("{2150E333-8FDC-42A3-9474-1A3956D46DE8}") = "alternative-bots", "alternative-bots", "{A3963A42-BA02-1665-FEE3-9A6867D26CB0}"
EndProject
Project("{FAE04EC0-301F-11D3-BF4B-00C04F79EFBC}") = "FlankerD", "src\alternative-bots\FlankerD\FlankerD.csproj", "{D5FFE07A-C97C-DA23-E2D7-B57D45467AF1}"
EndProject
Project("{FAE04EC0-301F-11D3-BF4B-00C04F79EFBC}") = "IkanLele", "src\alternative-bots\IkanLele\IkanLele.csproj", "{CF9C0014-11EE-4049-E3CF-17634DDEEC07}"
EndProject
Project("{FAE04EC0-301F-11D3-BF4B-00C04F79EFBC}") = "RimRunnerz", "src\alternative-bots\RimRunnerz\RimRunnerz.csproj", "{15C59469-55F8-5428-1F0B-E42E316007AC}"
EndProject
Project("{FAE04EC0-301F-11D3-BF4B-00C04F79EFBC}") = "SuperSub", "src\alternative-bots\SuperSub\SuperSub.csproj", "{73115BBC-A870-23E4-6B82-4DDE8F485B49}"
EndProject
Project("{2150E333-8FDC-42A3-9474-1A3956D46DE8}") = "sample-bots-csharp-0.30.0", "sample-bots-csharp-0.30.0", "{A36957A1-7FC6-0B7B-F551-AA1C21E91069}"
EndProject
Project("{FAE04EC0-301F-11D3-BF4B-00C04F79EFBC}") = "Corners", ".private\tubes1-if2211-starter-pack\sample-bots-csharp-0.30.0\Corners\Corners.csproj", "{2E04681A-BF8A-3A4F-77BF-C8FBC8819C47}"
EndProject
Project("{FAE04EC0-301F-11D3-BF4B-00C04F79EFBC}") = "Crazy", ".private\tubes1-if2211-starter-pack\sample-bots-csharp-0.30.0\Crazy\Crazy.csproj", "{5C5B6A3B-D3D9-3AAE-16D4-5092C3251CD4}"
EndProject
Project("{FAE04EC0-301F-11D3-BF4B-00C04F79EFBC}") = "Fire", ".private\tubes1-if2211-starter-pack\sample-bots-csharp-0.30.0\Fire\Fire.csproj", "{48EB8F47-9EB6-71F8-35BE-3782B1D48DD9}"
EndProject
Project("{FAE04EC0-301F-11D3-BF4B-00C04F79EFBC}") = "MyFirstBot", ".private\tubes1-if2211-starter-pack\sample-bots-csharp-0.30.0\MyFirstBot\MyFirstBot.csproj", "{48E2B1C7-B77A-3DD5-6C29-C5470CF36332}"
EndProject
Project("{FAE04EC0-301F-11D3-BF4B-00C04F79EFBC}") = "MyFirstDroid", ".private\tubes1-if2211-starter-pack\sample-bots-csharp-0.30.0\MyFirstDroid\MyFirstDroid.csproj", "{916BC61C-50F1-615B-FA51-AD570CDFE859}"
EndProject
Project("{FAE04EC0-301F-11D3-BF4B-00C04F79EFBC}") = "MyFirstLeader", ".private\tubes1-if2211-starter-pack\sample-bots-csharp-0.30.0\MyFirstLeader\MyFirstLeader.csproj", "{AA2FF837-D0A4-EEF8-C9BE-D986505E279C}"
EndProject
Project("{FAE04EC0-301F-11D3-BF4B-00C04F79EFBC}") = "PaintingBot", ".private\tubes1-if2211-starter-pack\sample-bots-csharp-0.30.0\PaintingBot\PaintingBot.csproj", "{037B656A-5350-11FC-A075-F093DC1CCFFE}"
EndProject
Project("{FAE04EC0-301F-11D3-BF4B-00C04F79EFBC}") = "RamFire", ".private\tubes1-if2211-starter-pack\sample-bots-csharp-0.30.0\RamFire\RamFire.csproj", "{8B1856ED-C0D6-CEBF-C4A0-D03C17F7B69A}"
EndProject
Project("{FAE04EC0-301F-11D3-BF4B-00C04F79EFBC}") = "SpinBot", ".private\tubes1-if2211-starter-pack\sample-bots-csharp-0.30.0\SpinBot\SpinBot.csproj", "{B9A53D03-86A5-2263-8F38-806D3573F4D1}"
EndProject
Project("{FAE04EC0-301F-11D3-BF4B-00C04F79EFBC}") = "Target", ".private\tubes1-if2211-starter-pack\sample-bots-csharp-0.30.0\Target\Target.csproj", "{B828039A-D987-CCA9-B024-E774E84BC0F7}"
EndProject
Project("{FAE04EC0-301F-11D3-BF4B-00C04F79EFBC}") = "TrackFire", ".private\tubes1-if2211-starter-pack\sample-bots-csharp-0.30.0\TrackFire\TrackFire.csproj", "{89AD641B-E0CC-3C93-D082-398AF29ADFBD}"
EndProject
Project("{FAE04EC0-301F-11D3-BF4B-00C04F79EFBC}") = "VelocityBot", ".private\tubes1-if2211-starter-pack\sample-bots-csharp-0.30.0\VelocityBot\VelocityBot.csproj", "{78787E41-EF8B-EF2D-B4E8-B4916ADF11AD}"
EndProject
Project("{FAE04EC0-301F-11D3-BF4B-00C04F79EFBC}") = "Walls", ".private\tubes1-if2211-starter-pack\sample-bots-csharp-0.30.0\Walls\Walls.csproj", "{D611CB5B-1AA6-9D03-CB72-3D0057FE5483}"
EndProject
Project("{2150E333-8FDC-42A3-9474-1A3956D46DE8}") = "tank-royale-0.30.0", "tank-royale-0.30.0", "{8EBBA500-F17F-650F-3149-FD66A44D453E}"
EndProject
Project("{2150E333-8FDC-42A3-9474-1A3956D46DE8}") = "schema", "schema", "{ECB04738-8C9A-08B9-664E-AC06E96FEA3F}"
EndProject
Project("{FAE04EC0-301F-11D3-BF4B-00C04F79EFBC}") = "CodeGenerator", ".private\tubes1-if2211-starter-pack\tank-royale-0.30.0\schema\dotnet\CodeGenerator.csproj", "{99EF4C04-A47E-26AA-EB16-8455A73B260A}"
EndProject
Project("{2150E333-8FDC-42A3-9474-1A3956D46DE8}") = "bot-api", "bot-api", "{74242BFB-5935-2E30-33C7-77BC54E1AC7E}"
EndProject
Project("{2150E333-8FDC-42A3-9474-1A3956D46DE8}") = "dotnet", "dotnet", "{B02CE577-753F-BCD3-845F-B07AC9202C9E}"
EndProject
Project("{FAE04EC0-301F-11D3-BF4B-00C04F79EFBC}") = "Robocode.TankRoyale.BotApi", ".private\tubes1-if2211-starter-pack\tank-royale-0.30.0\bot-api\dotnet\Robocode.TankRoyale.BotApi\Robocode.TankRoyale.BotApi.csproj", "{4863D4A3-561D-2C96-267E-6A32A71283CE}"
EndProject
Project("{FAE04EC0-301F-11D3-BF4B-00C04F79EFBC}") = "Robocode.TankRoyale.BotApi.Tests", ".private\tubes1-if2211-starter-pack\tank-royale-0.30.0\bot-api\dotnet\Robocode.TankRoyale.BotApi.Tests\Robocode.TankRoyale.BotApi.Tests.csproj", "{737A8528-668A-9BD5-BF9C-B70119064F3F}"
EndProject
Project("{2150E333-8FDC-42A3-9474-1A3956D46DE8}") = "tank-royale-0.30.0", "tank-royale-0.30.0", "{E05F8689-48A9-8140-2C04-EF038EDB8D51}"
EndProject
Project("{2150E333-8FDC-42A3-9474-1A3956D46DE8}") = "bot-api", "bot-api", "{04FF0D37-5E6F-7D6D-C706-B1EE3BF3E82F}"
EndProject
Project("{2150E333-8FDC-42A3-9474-1A3956D46DE8}") = "dotnet", "dotnet", "{A95C6238-A1BF-4169-BB1E-F5DFAFBB0D82}"
EndProject
Project("{FAE04EC0-301F-11D3-BF4B-00C04F79EFBC}") = "Robocode.TankRoyale.BotApi", ".private\tubes1-if2211-starter-pack\tank-royale-0.30.0\tank-royale-0.30.0\bot-api\dotnet\Robocode.TankRoyale.BotApi\Robocode.TankRoyale.BotApi.csproj", "{41DD6E3D-C8E1-EDE6-D0ED-1F72319A5F2A}"
EndProject
Project("{FAE04EC0-301F-11D3-BF4B-00C04F79EFBC}") = "Robocode.TankRoyale.BotApi.Tests", ".private\tubes1-if2211-starter-pack\tank-royale-0.30.0\tank-royale-0.30.0\bot-api\dotnet\Robocode.TankRoyale.BotApi.Tests\Robocode.TankRoyale.BotApi.Tests.csproj", "{00D768A7-FF42-7371-75CB-F1619F3A9AAF}"
EndProject
Global
	GlobalSection(SolutionConfigurationPlatforms) = preSolution
		Debug|Any CPU = Debug|Any CPU
		Release|Any CPU = Release|Any CPU
	EndGlobalSection
	GlobalSection(ProjectConfigurationPlatforms) = postSolution
		{61DB8879-4BFA-3CA9-179F-CA46242B1D40}.Debug|Any CPU.ActiveCfg = Debug|Any CPU
		{61DB8879-4BFA-3CA9-179F-CA46242B1D40}.Debug|Any CPU.Build.0 = Debug|Any CPU
		{61DB8879-4BFA-3CA9-179F-CA46242B1D40}.Release|Any CPU.ActiveCfg = Release|Any CPU
		{61DB8879-4BFA-3CA9-179F-CA46242B1D40}.Release|Any CPU.Build.0 = Release|Any CPU
		{D5FFE07A-C97C-DA23-E2D7-B57D45467AF1}.Debug|Any CPU.ActiveCfg = Debug|Any CPU
		{D5FFE07A-C97C-DA23-E2D7-B57D45467AF1}.Debug|Any CPU.Build.0 = Debug|Any CPU
		{D5FFE07A-C97C-DA23-E2D7-B57D45467AF1}.Release|Any CPU.ActiveCfg = Release|Any CPU
		{D5FFE07A-C97C-DA23-E2D7-B57D45467AF1}.Release|Any CPU.Build.0 = Release|Any CPU
		{CF9C0014-11EE-4049-E3CF-17634DDEEC07}.Debug|Any CPU.ActiveCfg = Debug|Any CPU
		{CF9C0014-11EE-4049-E3CF-17634DDEEC07}.Debug|Any CPU.Build.0 = Debug|Any CPU
		{CF9C0014-11EE-4049-E3CF-17634DDEEC07}.Release|Any CPU.ActiveCfg = Release|Any CPU
		{CF9C0014-11EE-4049-E3CF-17634DDEEC07}.Release|Any CPU.Build.0 = Release|Any CPU
		{15C59469-55F8-5428-1F0B-E42E316007AC}.Debug|Any CPU.ActiveCfg = Debug|Any CPU
		{15C59469-55F8-5428-1F0B-E42E316007AC}.Debug|Any CPU.Build.0 = Debug|Any CPU
		{15C59469-55F8-5428-1F0B-E42E316007AC}.Release|Any CPU.ActiveCfg = Release|Any CPU
		{15C59469-55F8-5428-1F0B-E42E316007AC}.Release|Any CPU.Build.0 = Release|Any CPU
		{73115BBC-A870-23E4-6B82-4DDE8F485B49}.Debug|Any CPU.ActiveCfg = Debug|Any CPU
		{73115BBC-A870-23E4-6B82-4DDE8F485B49}.Debug|Any CPU.Build.0 = Debug|Any CPU
		{73115BBC-A870-23E4-6B82-4DDE8F485B49}.Release|Any CPU.ActiveCfg = Release|Any CPU
		{73115BBC-A870-23E4-6B82-4DDE8F485B49}.Release|Any CPU.Build.0 = Release|Any CPU
		{2E04681A-BF8A-3A4F-77BF-C8FBC8819C47}.Debug|Any CPU.ActiveCfg = Debug|Any CPU
		{2E04681A-BF8A-3A4F-77BF-C8FBC8819C47}.Debug|Any CPU.Build.0 = Debug|Any CPU
		{2E04681A-BF8A-3A4F-77BF-C8FBC8819C47}.Release|Any CPU.ActiveCfg = Release|Any CPU
		{2E04681A-BF8A-3A4F-77BF-C8FBC8819C47}.Release|Any CPU.Build.0 = Release|Any CPU
		{5C5B6A3B-D3D9-3AAE-16D4-5092C3251CD4}.Debug|Any CPU.ActiveCfg = Debug|Any CPU
		{5C5B6A3B-D3D9-3AAE-16D4-5092C3251CD4}.Debug|Any CPU.Build.0 = Debug|Any CPU
		{5C5B6A3B-D3D9-3AAE-16D4-5092C3251CD4}.Release|Any CPU.ActiveCfg = Release|Any CPU
		{5C5B6A3B-D3D9-3AAE-16D4-5092C3251CD4}.Release|Any CPU.Build.0 = Release|Any CPU
		{48EB8F47-9EB6-71F8-35BE-3782B1D48DD9}.Debug|Any CPU.ActiveCfg = Debug|Any CPU
		{48EB8F47-9EB6-71F8-35BE-3782B1D48DD9}.Debug|Any CPU.Build.0 = Debug|Any CPU
		{48EB8F47-9EB6-71F8-35BE-3782B1D48DD9}.Release|Any CPU.ActiveCfg = Release|Any CPU
		{48EB8F47-9EB6-71F8-35BE-3782B1D48DD9}.Release|Any CPU.Build.0 = Release|Any CPU
		{48E2B1C7-B77A-3DD5-6C29-C5470CF36332}.Debug|Any CPU.ActiveCfg = Debug|Any CPU
		{48E2B1C7-B77A-3DD5-6C29-C5470CF36332}.Debug|Any CPU.Build.0 = Debug|Any CPU
		{48E2B1C7-B77A-3DD5-6C29-C5470CF36332}.Release|Any CPU.ActiveCfg = Release|Any CPU
		{48E2B1C7-B77A-3DD5-6C29-C5470CF36332}.Release|Any CPU.Build.0 = Release|Any CPU
		{916BC61C-50F1-615B-FA51-AD570CDFE859}.Debug|Any CPU.ActiveCfg = Debug|Any CPU
		{916BC61C-50F1-615B-FA51-AD570CDFE859}.Debug|Any CPU.Build.0 = Debug|Any CPU
		{916BC61C-50F1-615B-FA51-AD570CDFE859}.Release|Any CPU.ActiveCfg = Release|Any CPU
		{916BC61C-50F1-615B-FA51-AD570CDFE859}.Release|Any CPU.Build.0 = Release|Any CPU
		{AA2FF837-D0A4-EEF8-C9BE-D986505E279C}.Debug|Any CPU.ActiveCfg = Debug|Any CPU
		{AA2FF837-D0A4-EEF8-C9BE-D986505E279C}.Debug|Any CPU.Build.0 = Debug|Any CPU
		{AA2FF837-D0A4-EEF8-C9BE-D986505E279C}.Release|Any CPU.ActiveCfg = Release|Any CPU
		{AA2FF837-D0A4-EEF8-C9BE-D986505E279C}.Release|Any CPU.Build.0 = Release|Any CPU
		{037B656A-5350-11FC-A075-F093DC1CCFFE}.Debug|Any CPU.ActiveCfg = Debug|Any CPU
		{037B656A-5350-11FC-A075-F093DC1CCFFE}.Debug|Any CPU.Build.0 = Debug|Any CPU
		{037B656A-5350-11FC-A075-F093DC1CCFFE}.Release|Any CPU.ActiveCfg = Release|Any CPU
		{037B656A-5350-11FC-A075-F093DC1CCFFE}.Release|Any CPU.Build.0 = Release|Any CPU
		{8B1856ED-C0D6-CEBF-C4A0-D03C17F7B69A}.Debug|Any CPU.ActiveCfg = Debug|Any CPU
		{8B1856ED-C0D6-CEBF-C4A0-D03C17F7B69A}.Debug|Any CPU.Build.0 = Debug|Any CPU
		{8B1856ED-C0D6-CEBF-C4A0-D03C17F7B69A}.Release|Any CPU.ActiveCfg = Release|Any CPU
		{8B1856ED-C0D6-CEBF-C4A0-D03C17F7B69A}.Release|Any CPU.Build.0 = Release|Any CPU
		{B9A53D03-86A5-2263-8F38-806D3573F4D1}.Debug|Any CPU.ActiveCfg = Debug|Any CPU
		{B9A53D03-86A5-2263-8F38-806D3573F4D1}.Debug|Any CPU.Build.0 = Debug|Any CPU
		{B9A53D03-86A5-2263-8F38-806D3573F4D1}.Release|Any CPU.ActiveCfg = Release|Any CPU
		{B9A53D03-86A5-2263-8F38-806D3573F4D1}.Release|Any CPU.Build.0 = Release|Any CPU
		{B828039A-D987-CCA9-B024-E774E84BC0F7}.Debug|Any CPU.ActiveCfg = Debug|Any CPU
		{B828039A-D987-CCA9-B024-E774E84BC0F7}.Debug|Any CPU.Build.0 = Debug|Any CPU
		{B828039A-D987-CCA9-B024-E774E84BC0F7}.Release|Any CPU.ActiveCfg = Release|Any CPU
		{B828039A-D987-CCA9-B024-E774E84BC0F7}.Release|Any CPU.Build.0 = Release|Any CPU
		{89AD641B-E0CC-3C93-D082-398AF29ADFBD}.Debug|Any CPU.ActiveCfg = Debug|Any CPU
		{89AD641B-E0CC-3C93-D082-398AF29ADFBD}.Debug|Any CPU.Build.0 = Debug|Any CPU
		{89AD641B-E0CC-3C93-D082-398AF29ADFBD}.Release|Any CPU.ActiveCfg = Release|Any CPU
		{89AD641B-E0CC-3C93-D082-398AF29ADFBD}.Release|Any CPU.Build.0 = Release|Any CPU
		{78787E41-EF8B-EF2D-B4E8-B4916ADF11AD}.Debug|Any CPU.ActiveCfg = Debug|Any CPU
		{78787E41-EF8B-EF2D-B4E8-B4916ADF11AD}.Debug|Any CPU.Build.0 = Debug|Any CPU
		{78787E41-EF8B-EF2D-B4E8-B4916ADF11AD}.Release|Any CPU.ActiveCfg = Release|Any CPU
		{78787E41-EF8B-EF2D-B4E8-B4916ADF11AD}.Release|Any CPU.Build.0 = Release|Any CPU
		{D611CB5B-1AA6-9D03-CB72-3D0057FE5483}.Debug|Any CPU.ActiveCfg = Debug|Any CPU
		{D611CB5B-1AA6-9D03-CB72-3D0057FE5483}.Debug|Any CPU.Build.0 = Debug|Any CPU
		{D611CB5B-1AA6-9D03-CB72-3D0057FE5483}.Release|Any CPU.ActiveCfg = Release|Any CPU
		{D611CB5B-1AA6-9D03-CB72-3D0057FE5483}.Release|Any CPU.Build.0 = Release|Any CPU
		{99EF4C04-A47E-26AA-EB16-8455A73B260A}.Debug|Any CPU.ActiveCfg = Debug|Any CPU
		{99EF4C04-A47E-26AA-EB16-8455A73B260A}.Debug|Any CPU.Build.0 = Debug|Any CPU
		{99EF4C04-A47E-26AA-EB16-8455A73B260A}.Release|Any CPU.ActiveCfg = Release|Any CPU
		{99EF4C04-A47E-26AA-EB16-8455A73B260A}.Release|Any CPU.Build.0 = Release|Any CPU
		{4863D4A3-561D-2C96-267E-6A32A71283CE}.Debug|Any CPU.ActiveCfg = Debug|Any CPU
		{4863D4A3-561D-2C96-267E-6A32A71283CE}.Debug|Any CPU.Build.0 = Debug|Any CPU
		{4863D4A3-561D-2C96-267E-6A32A71283CE}.Release|Any CPU.ActiveCfg = Release|Any CPU
		{4863D4A3-561D-2C96-267E-6A32A71283CE}.Release|Any CPU.Build.0 = Release|Any CPU
		{737A8528-668A-9BD5-BF9C-B70119064F3F}.Debug|Any CPU.ActiveCfg = Debug|Any CPU
		{737A8528-668A-9BD5-BF9C-B70119064F3F}.Debug|Any CPU.Build.0 = Debug|Any CPU
		{737A8528-668A-9BD5-BF9C-B70119064F3F}.Release|Any CPU.ActiveCfg = Release|Any CPU
		{737A8528-668A-9BD5-BF9C-B70119064F3F}.Release|Any CPU.Build.0 = Release|Any CPU
		{41DD6E3D-C8E1-EDE6-D0ED-1F72319A5F2A}.Debug|Any CPU.ActiveCfg = Debug|Any CPU
		{41DD6E3D-C8E1-EDE6-D0ED-1F72319A5F2A}.Debug|Any CPU.Build.0 = Debug|Any CPU
		{41DD6E3D-C8E1-EDE6-D0ED-1F72319A5F2A}.Release|Any CPU.ActiveCfg = Release|Any CPU
		{41DD6E3D-C8E1-EDE6-D0ED-1F72319A5F2A}.Release|Any CPU.Build.0 = Release|Any CPU
		{00D768A7-FF42-7371-75CB-F1619F3A9AAF}.Debug|Any CPU.ActiveCfg = Debug|Any CPU
		{00D768A7-FF42-7371-75CB-F1619F3A9AAF}.Debug|Any CPU.Build.0 = Debug|Any CPU
		{00D768A7-FF42-7371-75CB-F1619F3A9AAF}.Release|Any CPU.ActiveCfg = Release|Any CPU
		{00D768A7-FF42-7371-75CB-F1619F3A9AAF}.Release|Any CPU.Build.0 = Release|Any CPU
	EndGlobalSection
	GlobalSection(SolutionProperties) = preSolution
		HideSolutionNode = FALSE
	EndGlobalSection
	GlobalSection(NestedProjects) = preSolution
		{7C965FDA-ADE2-5C41-3E59-9CD569AE5479} = {B5BEA4C2-3427-A7B2-9353-5CC941FC31CA}
		{61DB8879-4BFA-3CA9-179F-CA46242B1D40} = {7C965FDA-ADE2-5C41-3E59-9CD569AE5479}
		{A3963A42-BA02-1665-FEE3-9A6867D26CB0} = {827E0CD3-B72D-47B6-A68D-7590B98EB39B}
		{D5FFE07A-C97C-DA23-E2D7-B57D45467AF1} = {A3963A42-BA02-1665-FEE3-9A6867D26CB0}
		{CF9C0014-11EE-4049-E3CF-17634DDEEC07} = {A3963A42-BA02-1665-FEE3-9A6867D26CB0}
		{15C59469-55F8-5428-1F0B-E42E316007AC} = {A3963A42-BA02-1665-FEE3-9A6867D26CB0}
		{73115BBC-A870-23E4-6B82-4DDE8F485B49} = {A3963A42-BA02-1665-FEE3-9A6867D26CB0}
		{A36957A1-7FC6-0B7B-F551-AA1C21E91069} = {7C965FDA-ADE2-5C41-3E59-9CD569AE5479}
		{2E04681A-BF8A-3A4F-77BF-C8FBC8819C47} = {A36957A1-7FC6-0B7B-F551-AA1C21E91069}
		{5C5B6A3B-D3D9-3AAE-16D4-5092C3251CD4} = {A36957A1-7FC6-0B7B-F551-AA1C21E91069}
		{48EB8F47-9EB6-71F8-35BE-3782B1D48DD9} = {A36957A1-7FC6-0B7B-F551-AA1C21E91069}
		{48E2B1C7-B77A-3DD5-6C29-C5470CF36332} = {A36957A1-7FC6-0B7B-F551-AA1C21E91069}
		{916BC61C-50F1-615B-FA51-AD570CDFE859} = {A36957A1-7FC6-0B7B-F551-AA1C21E91069}
		{AA2FF837-D0A4-EEF8-C9BE-D986505E279C} = {A36957A1-7FC6-0B7B-F551-AA1C21E91069}
		{037B656A-5350-11FC-A075-F093DC1CCFFE} = {A36957A1-7FC6-0B7B-F551-AA1C21E91069}
		{8B1856ED-C0D6-CEBF-C4A0-D03C17F7B69A} = {A36957A1-7FC6-0B7B-F551-AA1C21E91069}
		{B9A53D03-86A5-2263-8F38-806D3573F4D1} = {A36957A1-7FC6-0B7B-F551-AA1C21E91069}
		{B828039A-D987-CCA9-B024-E774E84BC0F7} = {A36957A1-7FC6-0B7B-F551-AA1C21E91069}
		{89AD641B-E0CC-3C93-D082-398AF29ADFBD} = {A36957A1-7FC6-0B7B-F551-AA1C21E91069}
		{78787E41-EF8B-EF2D-B4E8-B4916ADF11AD} = {A36957A1-7FC6-0B7B-F551-AA1C21E91069}
		{D611CB5B-1AA6-9D03-CB72-3D0057FE5483} = {A36957A1-7FC6-0B7B-F551-AA1C21E91069}
		{8EBBA500-F17F-650F-3149-FD66A44D453E} = {7C965FDA-ADE2-5C41-3E59-9CD569AE5479}
		{ECB04738-8C9A-08B9-664E-AC06E96FEA3F} = {8EBBA500-F17F-650F-3149-FD66A44D453E}
		{99EF4C04-A47E-26AA-EB16-8455A73B260A} = {ECB04738-8C9A-08B9-664E-AC06E96FEA3F}
		{74242BFB-5935-2E30-33C7-77BC54E1AC7E} = {8EBBA500-F17F-650F-3149-FD66A44D453E}
		{B02CE577-753F-BCD3-845F-B07AC9202C9E} = {74242BFB-5935-2E30-33C7-77BC54E1AC7E}
		{4863D4A3-561D-2C96-267E-6A32A71283CE} = {B02CE577-753F-BCD3-845F-B07AC9202C9E}
		{737A8528-668A-9BD5-BF9C-B70119064F3F} = {B02CE577-753F-BCD3-845F-B07AC9202C9E}
		{E05F8689-48A9-8140-2C04-EF038EDB8D51} = {8EBBA500-F17F-650F-3149-FD66A44D453E}
		{04FF0D37-5E6F-7D6D-C706-B1EE3BF3E82F} = {E05F8689-48A9-8140-2C04-EF038EDB8D51}
		{A95C6238-A1BF-4169-BB1E-F5DFAFBB0D82} = {04FF0D37-5E6F-7D6D-C706-B1EE3BF3E82F}
		{41DD6E3D-C8E1-EDE6-D0ED-1F72319A5F2A} = {A95C6238-A1BF-4169-BB1E-F5DFAFBB0D82}
		{00D768A7-FF42-7371-75CB-F1619F3A9AAF} = {A95C6238-A1BF-4169-BB1E-F5DFAFBB0D82}
	EndGlobalSection
	GlobalSection(ExtensibilityGlobals) = postSolution
		SolutionGuid = {1355F85A-5278-4AD3-B115-C0DE6AE5F6D4}
	EndGlobalSection
EndGlobal
